
Microsoft Visual Studio Solution File, Format Version 12.00
# Visual Studio Version 16
VisualStudioVersion = 16.0.30523.141
MinimumVisualStudioVersion = 10.0.40219.1
Project("{FAE04EC0-301F-11D3-BF4B-00C04F79EFBC}") = "FacebookUI", "A21 Ex01 Udi 204694053 Nadav 203811526\FacebookUI.csproj", "{ECB2591C-E95C-4153-BBB3-4D8F1C138C76}"
EndProject
Project("{FAE04EC0-301F-11D3-BF4B-00C04F79EFBC}") = "FacebookAppLogic", "FacebookAppLogic\FacebookAppLogic.csproj", "{76479F33-594E-427D-ACF8-5F8131CDD87F}"
EndProject
Global
	GlobalSection(SolutionConfigurationPlatforms) = preSolution
		Debug|Any CPU = Debug|Any CPU
		Release|Any CPU = Release|Any CPU
	EndGlobalSection
	GlobalSection(ProjectConfigurationPlatforms) = postSolution
		{ECB2591C-E95C-4153-BBB3-4D8F1C138C76}.Debug|Any CPU.ActiveCfg = Debug|Any CPU
		{ECB2591C-E95C-4153-BBB3-4D8F1C138C76}.Debug|Any CPU.Build.0 = Debug|Any CPU
		{ECB2591C-E95C-4153-BBB3-4D8F1C138C76}.Release|Any CPU.ActiveCfg = Release|Any CPU
		{ECB2591C-E95C-4153-BBB3-4D8F1C138C76}.Release|Any CPU.Build.0 = Release|Any CPU
		{76479F33-594E-427D-ACF8-5F8131CDD87F}.Debug|Any CPU.ActiveCfg = Debug|Any CPU
		{76479F33-594E-427D-ACF8-5F8131CDD87F}.Debug|Any CPU.Build.0 = Debug|Any CPU
		{76479F33-594E-427D-ACF8-5F8131CDD87F}.Release|Any CPU.ActiveCfg = Release|Any CPU
		{76479F33-594E-427D-ACF8-5F8131CDD87F}.Release|Any CPU.Build.0 = Release|Any CPU
	EndGlobalSection
	GlobalSection(SolutionProperties) = preSolution
		HideSolutionNode = FALSE
	EndGlobalSection
	GlobalSection(ExtensibilityGlobals) = postSolution
		SolutionGuid = {2D587692-EC9E-4276-A539-3A13D06C88D7}
	EndGlobalSection
EndGlobal
